// !$*UTF8*$!
{
	archiveVersion = 1;
	classes = {
	};
	objectVersion = 56;
	objects = {

/* Begin PBXBuildFile section */
		ED90FE40290D33BD0068A21E /* AppDelegate.swift in Sources */ = {isa = PBXBuildFile; fileRef = ED90FE3F290D33BD0068A21E /* AppDelegate.swift */; };
		ED90FE42290D33BD0068A21E /* SceneDelegate.swift in Sources */ = {isa = PBXBuildFile; fileRef = ED90FE41290D33BD0068A21E /* SceneDelegate.swift */; };
		ED90FE44290D33BD0068A21E /* ViewController.swift in Sources */ = {isa = PBXBuildFile; fileRef = ED90FE43290D33BD0068A21E /* ViewController.swift */; };
		ED90FE4C290D33BF0068A21E /* LaunchScreen.storyboard in Resources */ = {isa = PBXBuildFile; fileRef = ED90FE4A290D33BF0068A21E /* LaunchScreen.storyboard */; };
		ED90FE54290D33F70068A21E /* Assets.xcassets in Resources */ = {isa = PBXBuildFile; fileRef = ED90FE53290D33F70068A21E /* Assets.xcassets */; };
		ED90FE5B290D346D0068A21E /* Info.plist in Resources */ = {isa = PBXBuildFile; fileRef = ED90FE5A290D346C0068A21E /* Info.plist */; };
		ED90FE61290D35260068A21E /* CoidData.swift in Sources */ = {isa = PBXBuildFile; fileRef = ED90FE60290D35260068A21E /* CoidData.swift */; };
		ED90FE63290D352B0068A21E /* CoinData.swift in Sources */ = {isa = PBXBuildFile; fileRef = ED90FE62290D352B0068A21E /* CoinData.swift */; };
		ED90FE65290D352F0068A21E /* CoinManager.swift in Sources */ = {isa = PBXBuildFile; fileRef = ED90FE64290D352F0068A21E /* CoinManager.swift */; };
/* End PBXBuildFile section */

/* Begin PBXFileReference section */
		ED90FE3C290D33BD0068A21E /* ByteCoin-Tracker.app */ = {isa = PBXFileReference; explicitFileType = wrapper.application; includeInIndex = 0; path = "ByteCoin-Tracker.app"; sourceTree = BUILT_PRODUCTS_DIR; };
		ED90FE3F290D33BD0068A21E /* AppDelegate.swift */ = {isa = PBXFileReference; lastKnownFileType = sourcecode.swift; path = AppDelegate.swift; sourceTree = "<group>"; };
		ED90FE41290D33BD0068A21E /* SceneDelegate.swift */ = {isa = PBXFileReference; lastKnownFileType = sourcecode.swift; path = SceneDelegate.swift; sourceTree = "<group>"; };
		ED90FE43290D33BD0068A21E /* ViewController.swift */ = {isa = PBXFileReference; lastKnownFileType = sourcecode.swift; path = ViewController.swift; sourceTree = "<group>"; };
		ED90FE4B290D33BF0068A21E /* Base */ = {isa = PBXFileReference; lastKnownFileType = file.storyboard; name = Base; path = Base.lproj/LaunchScreen.storyboard; sourceTree = "<group>"; };
		ED90FE53290D33F70068A21E /* Assets.xcassets */ = {isa = PBXFileReference; lastKnownFileType = folder.assetcatalog; path = Assets.xcassets; sourceTree = "<group>"; };
		ED90FE5A290D346C0068A21E /* Info.plist */ = {isa = PBXFileReference; fileEncoding = 4; lastKnownFileType = text.plist.xml; path = Info.plist; sourceTree = "<group>"; };
		ED90FE5E290D34EA0068A21E /* Main.storyboard */ = {isa = PBXFileReference; lastKnownFileType = file.storyboard; path = Main.storyboard; sourceTree = "<group>"; };
		ED90FE60290D35260068A21E /* CoidData.swift */ = {isa = PBXFileReference; fileEncoding = 4; lastKnownFileType = sourcecode.swift; path = CoidData.swift; sourceTree = "<group>"; };
		ED90FE62290D352B0068A21E /* CoinData.swift */ = {isa = PBXFileReference; fileEncoding = 4; lastKnownFileType = sourcecode.swift; path = CoinData.swift; sourceTree = "<group>"; };
		ED90FE64290D352F0068A21E /* CoinManager.swift */ = {isa = PBXFileReference; fileEncoding = 4; lastKnownFileType = sourcecode.swift; path = CoinManager.swift; sourceTree = "<group>"; };
/* End PBXFileReference section */

/* Begin PBXFrameworksBuildPhase section */
		ED90FE39290D33BD0068A21E /* Frameworks */ = {
			isa = PBXFrameworksBuildPhase;
			buildActionMask = 2147483647;
			files = (
			);
			runOnlyForDeploymentPostprocessing = 0;
		};
/* End PBXFrameworksBuildPhase section */

/* Begin PBXGroup section */
		ED90FE33290D33BD0068A21E = {
			isa = PBXGroup;
			children = (
				ED90FE3E290D33BD0068A21E /* ByteCoin-Tracker */,
				ED90FE3D290D33BD0068A21E /* Products */,
			);
			sourceTree = "<group>";
		};
		ED90FE3D290D33BD0068A21E /* Products */ = {
			isa = PBXGroup;
			children = (
				ED90FE3C290D33BD0068A21E /* ByteCoin-Tracker.app */,
			);
			name = Products;
			sourceTree = "<group>";
		};
		ED90FE3E290D33BD0068A21E /* ByteCoin-Tracker */ = {
			isa = PBXGroup;
			children = (
				ED90FE5F290D35180068A21E /* Model */,
				ED90FE5D290D34EA0068A21E /* View */,
				ED90FE5C290D34AA0068A21E /* Controller */,
				ED90FE3F290D33BD0068A21E /* AppDelegate.swift */,
				ED90FE41290D33BD0068A21E /* SceneDelegate.swift */,
				ED90FE4A290D33BF0068A21E /* LaunchScreen.storyboard */,
				ED90FE53290D33F70068A21E /* Assets.xcassets */,
				ED90FE5A290D346C0068A21E /* Info.plist */,
			);
			path = "ByteCoin-Tracker";
			sourceTree = "<group>";
		};
		ED90FE5C290D34AA0068A21E /* Controller */ = {
			isa = PBXGroup;
			children = (
				ED90FE43290D33BD0068A21E /* ViewController.swift */,
			);
			path = Controller;
			sourceTree = "<group>";
		};
		ED90FE5D290D34EA0068A21E /* View */ = {
			isa = PBXGroup;
			children = (
				ED90FE5E290D34EA0068A21E /* Main.storyboard */,
			);
			path = View;
			sourceTree = "<group>";
		};
		ED90FE5F290D35180068A21E /* Model */ = {
			isa = PBXGroup;
			children = (
				ED90FE60290D35260068A21E /* CoidData.swift */,
				ED90FE62290D352B0068A21E /* CoinData.swift */,
				ED90FE64290D352F0068A21E /* CoinManager.swift */,
			);
			path = Model;
			sourceTree = "<group>";
		};
/* End PBXGroup section */

/* Begin PBXNativeTarget section */
		ED90FE3B290D33BD0068A21E /* ByteCoin-Tracker */ = {
			isa = PBXNativeTarget;
			buildConfigurationList = ED90FE50290D33BF0068A21E /* Build configuration list for PBXNativeTarget "ByteCoin-Tracker" */;
			buildPhases = (
				ED90FE38290D33BD0068A21E /* Sources */,
				ED90FE39290D33BD0068A21E /* Frameworks */,
				ED90FE3A290D33BD0068A21E /* Resources */,
			);
			buildRules = (
			);
			dependencies = (
			);
			name = "ByteCoin-Tracker";
			productName = "ByteCoin-Tracker";
			productReference = ED90FE3C290D33BD0068A21E /* ByteCoin-Tracker.app */;
			productType = "com.apple.product-type.application";
		};
/* End PBXNativeTarget section */

/* Begin PBXProject section */
		ED90FE34290D33BD0068A21E /* Project object */ = {
			isa = PBXProject;
			attributes = {
				BuildIndependentTargetsInParallel = 1;
				LastSwiftUpdateCheck = 1400;
				LastUpgradeCheck = 1400;
				TargetAttributes = {
					ED90FE3B290D33BD0068A21E = {
						CreatedOnToolsVersion = 14.0.1;
					};
				};
			};
			buildConfigurationList = ED90FE37290D33BD0068A21E /* Build configuration list for PBXProject "ByteCoin-Tracker" */;
			compatibilityVersion = "Xcode 14.0";
			developmentRegion = en;
			hasScannedForEncodings = 0;
			knownRegions = (
				en,
				Base,
			);
			mainGroup = ED90FE33290D33BD0068A21E;
			productRefGroup = ED90FE3D290D33BD0068A21E /* Products */;
			projectDirPath = "";
			projectRoot = "";
			targets = (
				ED90FE3B290D33BD0068A21E /* ByteCoin-Tracker */,
			);
		};
/* End PBXProject section */

/* Begin PBXResourcesBuildPhase section */
		ED90FE3A290D33BD0068A21E /* Resources */ = {
			isa = PBXResourcesBuildPhase;
			buildActionMask = 2147483647;
			files = (
				ED90FE4C290D33BF0068A21E /* LaunchScreen.storyboard in Resources */,
				ED90FE54290D33F70068A21E /* Assets.xcassets in Resources */,
				ED90FE5B290D346D0068A21E /* Info.plist in Resources */,
			);
			runOnlyForDeploymentPostprocessing = 0;
		};
/* End PBXResourcesBuildPhase section */

/* Begin PBXSourcesBuildPhase section */
		ED90FE38290D33BD0068A21E /* Sources */ = {
			isa = PBXSourcesBuildPhase;
			buildActionMask = 2147483647;
			files = (
				ED90FE44290D33BD0068A21E /* ViewController.swift in Sources */,
				ED90FE40290D33BD0068A21E /* AppDelegate.swift in Sources */,
				ED90FE65290D352F0068A21E /* CoinManager.swift in Sources */,
				ED90FE63290D352B0068A21E /* CoinData.swift in Sources */,
				ED90FE61290D35260068A21E /* CoidData.swift in Sources */,
				ED90FE42290D33BD0068A21E /* SceneDelegate.swift in Sources */,
			);
			runOnlyForDeploymentPostprocessing = 0;
		};
/* End PBXSourcesBuildPhase section */

/* Begin PBXVariantGroup section */
		ED90FE4A290D33BF0068A21E /* LaunchScreen.storyboard */ = {
			isa = PBXVariantGroup;
			children = (
				ED90FE4B290D33BF0068A21E /* Base */,
			);
			name = LaunchScreen.storyboard;
			sourceTree = "<group>";
		};
/* End PBXVariantGroup section */

/* Begin XCBuildConfiguration section */
		ED90FE4E290D33BF0068A21E /* Debug */ = {
			isa = XCBuildConfiguration;
			buildSettings = {
				ALWAYS_SEARCH_USER_PATHS = NO;
				CLANG_ANALYZER_NONNULL = YES;
				CLANG_ANALYZER_NUMBER_OBJECT_CONVERSION = YES_AGGRESSIVE;
				CLANG_CXX_LANGUAGE_STANDARD = "gnu++20";
				CLANG_ENABLE_MODULES = YES;
				CLANG_ENABLE_OBJC_ARC = YES;
				CLANG_ENABLE_OBJC_WEAK = YES;
				CLANG_WARN_BLOCK_CAPTURE_AUTORELEASING = YES;
				CLANG_WARN_BOOL_CONVERSION = YES;
				CLANG_WARN_COMMA = YES;
				CLANG_WARN_CONSTANT_CONVERSION = YES;
				CLANG_WARN_DEPRECATED_OBJC_IMPLEMENTATIONS = YES;
				CLANG_WARN_DIRECT_OBJC_ISA_USAGE = YES_ERROR;
				CLANG_WARN_DOCUMENTATION_COMMENTS = YES;
				CLANG_WARN_EMPTY_BODY = YES;
				CLANG_WARN_ENUM_CONVERSION = YES;
				CLANG_WARN_INFINITE_RECURSION = YES;
				CLANG_WARN_INT_CONVERSION = YES;
				CLANG_WARN_NON_LITERAL_NULL_CONVERSION = YES;
				CLANG_WARN_OBJC_IMPLICIT_RETAIN_SELF = YES;
				CLANG_WARN_OBJC_LITERAL_CONVERSION = YES;
				CLANG_WARN_OBJC_ROOT_CLASS = YES_ERROR;
				CLANG_WARN_QUOTED_INCLUDE_IN_FRAMEWORK_HEADER = YES;
				CLANG_WARN_RANGE_LOOP_ANALYSIS = YES;
				CLANG_WARN_STRICT_PROTOTYPES = YES;
				CLANG_WARN_SUSPICIOUS_MOVE = YES;
				CLANG_WARN_UNGUARDED_AVAILABILITY = YES_AGGRESSIVE;
				CLANG_WARN_UNREACHABLE_CODE = YES;
				CLANG_WARN__DUPLICATE_METHOD_MATCH = YES;
				COPY_PHASE_STRIP = NO;
				DEBUG_INFORMATION_FORMAT = dwarf;
				ENABLE_STRICT_OBJC_MSGSEND = YES;
				ENABLE_TESTABILITY = YES;
				GCC_C_LANGUAGE_STANDARD = gnu11;
				GCC_DYNAMIC_NO_PIC = NO;
				GCC_NO_COMMON_BLOCKS = YES;
				GCC_OPTIMIZATION_LEVEL = 0;
				GCC_PREPROCESSOR_DEFINITIONS = (
					"DEBUG=1",
					"$(inherited)",
				);
				GCC_WARN_64_TO_32_BIT_CONVERSION = YES;
				GCC_WARN_ABOUT_RETURN_TYPE = YES_ERROR;
				GCC_WARN_UNDECLARED_SELECTOR = YES;
				GCC_WARN_UNINITIALIZED_AUTOS = YES_AGGRESSIVE;
				GCC_WARN_UNUSED_FUNCTION = YES;
				GCC_WARN_UNUSED_VARIABLE = YES;
				IPHONEOS_DEPLOYMENT_TARGET = 16.0;
				MTL_ENABLE_DEBUG_INFO = INCLUDE_SOURCE;
				MTL_FAST_MATH = YES;
				ONLY_ACTIVE_ARCH = YES;
				SDKROOT = iphoneos;
				SWIFT_ACTIVE_COMPILATION_CONDITIONS = DEBUG;
				SWIFT_OPTIMIZATION_LEVEL = "-Onone";
			};
			name = Debug;
		};
		ED90FE4F290D33BF0068A21E /* Release */ = {
			isa = XCBuildConfiguration;
			buildSettings = {
				ALWAYS_SEARCH_USER_PATHS = NO;
				CLANG_ANALYZER_NONNULL = YES;
				CLANG_ANALYZER_NUMBER_OBJECT_CONVERSION = YES_AGGRESSIVE;
				CLANG_CXX_LANGUAGE_STANDARD = "gnu++20";
				CLANG_ENABLE_MODULES = YES;
				CLANG_ENABLE_OBJC_ARC = YES;
				CLANG_ENABLE_OBJC_WEAK = YES;
				CLANG_WARN_BLOCK_CAPTURE_AUTORELEASING = YES;
				CLANG_WARN_BOOL_CONVERSION = YES;
				CLANG_WARN_COMMA = YES;
				CLANG_WARN_CONSTANT_CONVERSION = YES;
				CLANG_WARN_DEPRECATED_OBJC_IMPLEMENTATIONS = YES;
				CLANG_WARN_DIRECT_OBJC_ISA_USAGE = YES_ERROR;
				CLANG_WARN_DOCUMENTATION_COMMENTS = YES;
				CLANG_WARN_EMPTY_BODY = YES;
				CLANG_WARN_ENUM_CONVERSION = YES;
				CLANG_WARN_INFINITE_RECURSION = YES;
				CLANG_WARN_INT_CONVERSION = YES;
				CLANG_WARN_NON_LITERAL_NULL_CONVERSION = YES;
				CLANG_WARN_OBJC_IMPLICIT_RETAIN_SELF = YES;
				CLANG_WARN_OBJC_LITERAL_CONVERSION = YES;
				CLANG_WARN_OBJC_ROOT_CLASS = YES_ERROR;
				CLANG_WARN_QUOTED_INCLUDE_IN_FRAMEWORK_HEADER = YES;
				CLANG_WARN_RANGE_LOOP_ANALYSIS = YES;
				CLANG_WARN_STRICT_PROTOTYPES = YES;
				CLANG_WARN_SUSPICIOUS_MOVE = YES;
				CLANG_WARN_UNGUARDED_AVAILABILITY = YES_AGGRESSIVE;
				CLANG_WARN_UNREACHABLE_CODE = YES;
				CLANG_WARN__DUPLICATE_METHOD_MATCH = YES;
				COPY_PHASE_STRIP = NO;
				DEBUG_INFORMATION_FORMAT = "dwarf-with-dsym";
				ENABLE_NS_ASSERTIONS = NO;
				ENABLE_STRICT_OBJC_MSGSEND = YES;
				GCC_C_LANGUAGE_STANDARD = gnu11;
				GCC_NO_COMMON_BLOCKS = YES;
				GCC_WARN_64_TO_32_BIT_CONVERSION = YES;
				GCC_WARN_ABOUT_RETURN_TYPE = YES_ERROR;
				GCC_WARN_UNDECLARED_SELECTOR = YES;
				GCC_WARN_UNINITIALIZED_AUTOS = YES_AGGRESSIVE;
				GCC_WARN_UNUSED_FUNCTION = YES;
				GCC_WARN_UNUSED_VARIABLE = YES;
				IPHONEOS_DEPLOYMENT_TARGET = 16.0;
				MTL_ENABLE_DEBUG_INFO = NO;
				MTL_FAST_MATH = YES;
				SDKROOT = iphoneos;
				SWIFT_COMPILATION_MODE = wholemodule;
				SWIFT_OPTIMIZATION_LEVEL = "-O";
				VALIDATE_PRODUCT = YES;
			};
			name = Release;
		};
		ED90FE51290D33BF0068A21E /* Debug */ = {
			isa = XCBuildConfiguration;
			buildSettings = {
				ASSETCATALOG_COMPILER_APPICON_NAME = AppIcon;
				ASSETCATALOG_COMPILER_GLOBAL_ACCENT_COLOR_NAME = AccentColor;
				CODE_SIGN_STYLE = Automatic;
				CURRENT_PROJECT_VERSION = 1;
				DEVELOPMENT_TEAM = 733XWR5Y23;
				GENERATE_INFOPLIST_FILE = YES;
				INFOPLIST_FILE = "ByteCoin-Tracker/Info.plist";
				INFOPLIST_KEY_UIApplicationSupportsIndirectInputEvents = YES;
				INFOPLIST_KEY_UILaunchStoryboardName = LaunchScreen;
				INFOPLIST_KEY_UIMainStoryboardFile = Main;
				INFOPLIST_KEY_UISupportedInterfaceOrientations_iPad = "UIInterfaceOrientationPortrait UIInterfaceOrientationPortraitUpsideDown UIInterfaceOrientationLandscapeLeft UIInterfaceOrientationLandscapeRight";
				INFOPLIST_KEY_UISupportedInterfaceOrientations_iPhone = "UIInterfaceOrientationPortrait UIInterfaceOrientationLandscapeLeft UIInterfaceOrientationLandscapeRight";
				LD_RUNPATH_SEARCH_PATHS = (
					"$(inherited)",
					"@executable_path/Frameworks",
				);
				MARKETING_VERSION = 1.0;
				PRODUCT_BUNDLE_IDENTIFIER = "com.aclinaev.ByteCoin-Tracker";
				PRODUCT_NAME = "$(TARGET_NAME)";
				SWIFT_EMIT_LOC_STRINGS = YES;
				SWIFT_VERSION = 5.0;
				TARGETED_DEVICE_FAMILY = "1,2";
			};
			name = Debug;
		};
		ED90FE52290D33BF0068A21E /* Release */ = {
			isa = XCBuildConfiguration;
			buildSettings = {
				ASSETCATALOG_COMPILER_APPICON_NAME = AppIcon;
				ASSETCATALOG_COMPILER_GLOBAL_ACCENT_COLOR_NAME = AccentColor;
				CODE_SIGN_STYLE = Automatic;
				CURRENT_PROJECT_VERSION = 1;
				DEVELOPMENT_TEAM = 733XWR5Y23;
				GENERATE_INFOPLIST_FILE = YES;
				INFOPLIST_FILE = "ByteCoin-Tracker/Info.plist";
				INFOPLIST_KEY_UIApplicationSupportsIndirectInputEvents = YES;
				INFOPLIST_KEY_UILaunchStoryboardName = LaunchScreen;
				INFOPLIST_KEY_UIMainStoryboardFile = Main;
				INFOPLIST_KEY_UISupportedInterfaceOrientations_iPad = "UIInterfaceOrientationPortrait UIInterfaceOrientationPortraitUpsideDown UIInterfaceOrientationLandscapeLeft UIInterfaceOrientationLandscapeRight";
				INFOPLIST_KEY_UISupportedInterfaceOrientations_iPhone = "UIInterfaceOrientationPortrait UIInterfaceOrientationLandscapeLeft UIInterfaceOrientationLandscapeRight";
				LD_RUNPATH_SEARCH_PATHS = (
					"$(inherited)",
					"@executable_path/Frameworks",
				);
				MARKETING_VERSION = 1.0;
				PRODUCT_BUNDLE_IDENTIFIER = "com.aclinaev.ByteCoin-Tracker";
				PRODUCT_NAME = "$(TARGET_NAME)";
				SWIFT_EMIT_LOC_STRINGS = YES;
				SWIFT_VERSION = 5.0;
				TARGETED_DEVICE_FAMILY = "1,2";
			};
			name = Release;
		};
/* End XCBuildConfiguration section */

/* Begin XCConfigurationList section */
		ED90FE37290D33BD0068A21E /* Build configuration list for PBXProject "ByteCoin-Tracker" */ = {
			isa = XCConfigurationList;
			buildConfigurations = (
				ED90FE4E290D33BF0068A21E /* Debug */,
				ED90FE4F290D33BF0068A21E /* Release */,
			);
			defaultConfigurationIsVisible = 0;
			defaultConfigurationName = Release;
		};
		ED90FE50290D33BF0068A21E /* Build configuration list for PBXNativeTarget "ByteCoin-Tracker" */ = {
			isa = XCConfigurationList;
			buildConfigurations = (
				ED90FE51290D33BF0068A21E /* Debug */,
				ED90FE52290D33BF0068A21E /* Release */,
			);
			defaultConfigurationIsVisible = 0;
			defaultConfigurationName = Release;
		};
/* End XCConfigurationList section */
	};
	rootObject = ED90FE34290D33BD0068A21E /* Project object */;
}
